
Microsoft Visual Studio Solution File, Format Version 12.00
# Visual Studio Version 17
VisualStudioVersion = 17.7.34031.279
MinimumVisualStudioVersion = 10.0.40219.1
Project("{FAE04EC0-301F-11D3-BF4B-00C04F79EFBC}") = "19.Classes_and_Object", "19.Classes_and_Object.csproj", "{506448D2-7506-4BDC-9AF4-9FEB1A6CB17E}"
EndProject
Global
	GlobalSection(SolutionConfigurationPlatforms) = preSolution
		Debug|Any CPU = Debug|Any CPU
		Release|Any CPU = Release|Any CPU
	EndGlobalSection
	GlobalSection(ProjectConfigurationPlatforms) = postSolution
		{506448D2-7506-4BDC-9AF4-9FEB1A6CB17E}.Debug|Any CPU.ActiveCfg = Debug|Any CPU
		{506448D2-7506-4BDC-9AF4-9FEB1A6CB17E}.Debug|Any CPU.Build.0 = Debug|Any CPU
		{506448D2-7506-4BDC-9AF4-9FEB1A6CB17E}.Release|Any CPU.ActiveCfg = Release|Any CPU
		{506448D2-7506-4BDC-9AF4-9FEB1A6CB17E}.Release|Any CPU.Build.0 = Release|Any CPU
	EndGlobalSection
	GlobalSection(SolutionProperties) = preSolution
		HideSolutionNode = FALSE
	EndGlobalSection
	GlobalSection(ExtensibilityGlobals) = postSolution
		SolutionGuid = {DC38BC76-78B1-4273-B8F2-6FD93D6C10CA}
	EndGlobalSection
EndGlobal
